
Microsoft Visual Studio Solution File, Format Version 12.00
# Visual Studio Version 16
VisualStudioVersion = 16.0.31613.86
MinimumVisualStudioVersion = 10.0.40219.1
Project("{9A19103F-16F7-4668-BE54-9A1E7A4F7556}") = "RumineActivityView", "RumineActivityView\RumineActivityView.csproj", "{7D649758-F645-4C36-8F64-DF4154FB808C}"
EndProject
Global
	GlobalSection(SolutionConfigurationPlatforms) = preSolution
		Debug|Any CPU = Debug|Any CPU
		Release|Any CPU = Release|Any CPU
	EndGlobalSection
	GlobalSection(ProjectConfigurationPlatforms) = postSolution
		{7D649758-F645-4C36-8F64-DF4154FB808C}.Debug|Any CPU.ActiveCfg = Debug|Any CPU
		{7D649758-F645-4C36-8F64-DF4154FB808C}.Debug|Any CPU.Build.0 = Debug|Any CPU
		{7D649758-F645-4C36-8F64-DF4154FB808C}.Release|Any CPU.ActiveCfg = Release|Any CPU
		{7D649758-F645-4C36-8F64-DF4154FB808C}.Release|Any CPU.Build.0 = Release|Any CPU
	EndGlobalSection
	GlobalSection(SolutionProperties) = preSolution
		HideSolutionNode = FALSE
	EndGlobalSection
	GlobalSection(ExtensibilityGlobals) = postSolution
		SolutionGuid = {3B52C9BF-5E18-45E5-993A-DDABE0F80CAC}
	EndGlobalSection
EndGlobal
