
Microsoft Visual Studio Solution File, Format Version 12.00
# Visual Studio Version 17
VisualStudioVersion = 17.4.33205.214
MinimumVisualStudioVersion = 10.0.40219.1
Project("{9A19103F-16F7-4668-BE54-9A1E7A4F7556}") = "RumineActivity.View", "RumineActivityView\RumineActivity.View.csproj", "{7D649758-F645-4C36-8F64-DF4154FB808C}"
EndProject
Project("{2150E333-8FDC-42A3-9474-1A3956D46DE8}") = "Solution Items", "Solution Items", "{164A4B6B-8A72-4417-BC9E-A37200039144}"
	ProjectSection(SolutionItems) = preProject
		README.md = README.md
	EndProjectSection
EndProject
Project("{9A19103F-16F7-4668-BE54-9A1E7A4F7556}") = "RumineActivity.Core", "RumineActivity.Core\RumineActivity.Core.csproj", "{7651EF9B-4472-4B69-8D48-1659F60DD315}"
EndProject
Project("{9A19103F-16F7-4668-BE54-9A1E7A4F7556}") = "RumineActivity.Console", "RumineActivity.Console\RumineActivity.Console.csproj", "{F4E67729-3C81-4D4E-8A4C-D39316CCAA52}"
	ProjectSection(ProjectDependencies) = postProject
		{7651EF9B-4472-4B69-8D48-1659F60DD315} = {7651EF9B-4472-4B69-8D48-1659F60DD315}
	EndProjectSection
EndProject
Global
	GlobalSection(SolutionConfigurationPlatforms) = preSolution
		Debug|Any CPU = Debug|Any CPU
		Release|Any CPU = Release|Any CPU
	EndGlobalSection
	GlobalSection(ProjectConfigurationPlatforms) = postSolution
		{7D649758-F645-4C36-8F64-DF4154FB808C}.Debug|Any CPU.ActiveCfg = Debug|Any CPU
		{7D649758-F645-4C36-8F64-DF4154FB808C}.Debug|Any CPU.Build.0 = Debug|Any CPU
		{7D649758-F645-4C36-8F64-DF4154FB808C}.Release|Any CPU.ActiveCfg = Release|Any CPU
		{7D649758-F645-4C36-8F64-DF4154FB808C}.Release|Any CPU.Build.0 = Release|Any CPU
		{7651EF9B-4472-4B69-8D48-1659F60DD315}.Debug|Any CPU.ActiveCfg = Debug|Any CPU
		{7651EF9B-4472-4B69-8D48-1659F60DD315}.Debug|Any CPU.Build.0 = Debug|Any CPU
		{7651EF9B-4472-4B69-8D48-1659F60DD315}.Release|Any CPU.ActiveCfg = Release|Any CPU
		{7651EF9B-4472-4B69-8D48-1659F60DD315}.Release|Any CPU.Build.0 = Release|Any CPU
		{F4E67729-3C81-4D4E-8A4C-D39316CCAA52}.Debug|Any CPU.ActiveCfg = Debug|Any CPU
		{F4E67729-3C81-4D4E-8A4C-D39316CCAA52}.Debug|Any CPU.Build.0 = Debug|Any CPU
		{F4E67729-3C81-4D4E-8A4C-D39316CCAA52}.Release|Any CPU.ActiveCfg = Release|Any CPU
		{F4E67729-3C81-4D4E-8A4C-D39316CCAA52}.Release|Any CPU.Build.0 = Release|Any CPU
	EndGlobalSection
	GlobalSection(SolutionProperties) = preSolution
		HideSolutionNode = FALSE
	EndGlobalSection
	GlobalSection(ExtensibilityGlobals) = postSolution
		SolutionGuid = {3B52C9BF-5E18-45E5-993A-DDABE0F80CAC}
	EndGlobalSection
EndGlobal
